<?xml version="1.0" encoding="utf-8"?>
<Project ToolsVersion="4.0" xmlns="http://schemas.microsoft.com/developer/msbuild/2003">
  <ItemGroup>
    <ClCompile Include="place_mode\tile_cursor.cpp">
      <Filter>NewFilter1\place_mode</Filter>
    </ClCompile>
    <ClCompile Include="place_mode\place_mode.cpp">
      <Filter>NewFilter1\place_mode</Filter>
    </ClCompile>
    <ClCompile Include="place_mode\ent_cursor.cpp">
      <Filter>NewFilter1\place_mode</Filter>
    </ClCompile>
    <ClCompile Include="place_mode\brush_cursor.cpp">
      <Filter>NewFilter1\place_mode</Filter>
    </ClCompile>
    <ClCompile Include="pick_mode\pick_mode.cpp">
      <Filter>NewFilter1\pick_mode</Filter>
    </ClCompile>
    <ClCompile Include="pick_mode\shape_pick_mode.cpp">
      <Filter>NewFilter1\pick_mode</Filter>
    </ClCompile>
    <ClCompile Include="pick_mode\texture_pick_mode.cpp">
      <Filter>NewFilter1\pick_mode</Filter>
    </ClCompile>
    <ClCompile Include="map_man\map_man.cpp">
      <Filter>NewFilter1\map_man</Filter>
    </ClCompile>
    <ClCompile Include="map_man\map_man_actions.cpp">
      <Filter>NewFilter1\map_man</Filter>
    </ClCompile>
    <ClCompile Include="map_man\map_man_export.cpp">
      <Filter>NewFilter1\map_man</Filter>
    </ClCompile>
    <ClCompile Include="ent_mode\ent_mode.cpp">
      <Filter>NewFilter1\ent_mode</Filter>
    </ClCompile>
    <ClCompile Include="dialogs\about_dialog.cpp">
      <Filter>NewFilter1\dialogs</Filter>
    </ClCompile>
    <ClCompile Include="dialogs\asset_path_dialog.cpp">
      <Filter>NewFilter1\dialogs</Filter>
    </ClCompile>
    <ClCompile Include="dialogs\confirmation_dialog.cpp">
      <Filter>NewFilter1\dialogs</Filter>
    </ClCompile>
    <ClCompile Include="dialogs\expand_map_dialog.cpp">
      <Filter>NewFilter1\dialogs</Filter>
    </ClCompile>
    <ClCompile Include="dialogs\export_dialog.cpp">
      <Filter>NewFilter1\dialogs</Filter>
    </ClCompile>
    <ClCompile Include="dialogs\file_dialog.cpp">
      <Filter>NewFilter1\dialogs</Filter>
    </ClCompile>
    <ClCompile Include="dialogs\instructions_dialog.cpp">
      <Filter>NewFilter1\dialogs</Filter>
    </ClCompile>
    <ClCompile Include="dialogs\new_map_dialog.cpp">
      <Filter>NewFilter1\dialogs</Filter>
    </ClCompile>
    <ClCompile Include="dialogs\settings_dialog.cpp">
      <Filter>NewFilter1\dialogs</Filter>
    </ClCompile>
    <ClCompile Include="dialogs\shortcuts_dialog.cpp">
      <Filter>NewFilter1\dialogs</Filter>
    </ClCompile>
    <ClCompile Include="assets.cpp">
      <Filter>NewFilter1</Filter>
    </ClCompile>
    <ClCompile Include="EditorApp.cpp">
      <Filter>NewFilter1</Filter>
    </ClCompile>
    <ClCompile Include="ent.cpp">
      <Filter>NewFilter1</Filter>
    </ClCompile>
    <ClCompile Include="menu_bar.cpp">
      <Filter>NewFilter1</Filter>
    </ClCompile>
    <ClCompile Include="tile.cpp">
      <Filter>NewFilter1</Filter>
    </ClCompile>
    <ClCompile Include="main.cpp" />
    <ClCompile Include="stdafx.cpp" />
  </ItemGroup>
  <ItemGroup>
    <ClInclude Include="place_mode\place_mode.hpp">
      <Filter>NewFilter1\place_mode</Filter>
    </ClInclude>
    <ClInclude Include="pick_mode\pick_mode.hpp">
      <Filter>NewFilter1\pick_mode</Filter>
    </ClInclude>
    <ClInclude Include="map_man\map_man.hpp">
      <Filter>NewFilter1\map_man</Filter>
    </ClInclude>
    <ClInclude Include="ent_mode\ent_mode.hpp">
      <Filter>NewFilter1\ent_mode</Filter>
    </ClInclude>
    <ClInclude Include="dialogs\dialogs.hpp">
      <Filter>NewFilter1\dialogs</Filter>
    </ClInclude>
    <ClInclude Include="assets\shaders\map_shader.hpp">
      <Filter>NewFilter1\assets\shaders</Filter>
    </ClInclude>
    <ClInclude Include="assets\shaders\sprite_shader.hpp">
      <Filter>NewFilter1\assets\shaders</Filter>
    </ClInclude>
    <ClInclude Include="assets.hpp">
      <Filter>NewFilter1</Filter>
    </ClInclude>
    <ClInclude Include="editor_app.hpp">
      <Filter>NewFilter1</Filter>
    </ClInclude>
    <ClInclude Include="ent.hpp">
      <Filter>NewFilter1</Filter>
    </ClInclude>
    <ClInclude Include="handle.hpp">
      <Filter>NewFilter1</Filter>
    </ClInclude>
    <ClInclude Include="menu_bar.hpp">
      <Filter>NewFilter1</Filter>
    </ClInclude>
    <ClInclude Include="text_util.hpp">
      <Filter>NewFilter1</Filter>
    </ClInclude>
    <ClInclude Include="tile.hpp">
      <Filter>NewFilter1</Filter>
    </ClInclude>
    <ClInclude Include="stdafx.h" />
    <ClInclude Include="editor_math.hpp" />
    <ClInclude Include="grid.hpp" />
  </ItemGroup>
  <ItemGroup>
    <Filter Include="NewFilter1">
      <UniqueIdentifier>{3f7233ec-1113-41cb-a985-4c7f21d7085e}</UniqueIdentifier>
    </Filter>
    <Filter Include="NewFilter1\assets">
      <UniqueIdentifier>{1dfe21e4-427e-4278-9a89-e9879dc14d27}</UniqueIdentifier>
    </Filter>
    <Filter Include="NewFilter1\assets\shaders">
      <UniqueIdentifier>{4f89f823-620b-4c7c-8870-65219716e057}</UniqueIdentifier>
    </Filter>
    <Filter Include="NewFilter1\dialogs">
      <UniqueIdentifier>{237528dc-a18b-411f-bacc-385d5fb980cd}</UniqueIdentifier>
    </Filter>
    <Filter Include="NewFilter1\ent_mode">
      <UniqueIdentifier>{4ad68e78-bf83-438f-bf75-2a5c0d22850c}</UniqueIdentifier>
    </Filter>
    <Filter Include="NewFilter1\map_man">
      <UniqueIdentifier>{5836e3a4-411e-4327-af48-aa291583376f}</UniqueIdentifier>
    </Filter>
    <Filter Include="NewFilter1\pick_mode">
      <UniqueIdentifier>{eed241eb-1e51-4bd6-ad89-5cd3f8792498}</UniqueIdentifier>
    </Filter>
    <Filter Include="NewFilter1\place_mode">
      <UniqueIdentifier>{4cc93177-1ee5-473d-9f60-fe3b8fab7372}</UniqueIdentifier>
    </Filter>
  </ItemGroup>
</Project>