<?xml version="1.0" encoding="utf-8"?>
<Project ToolsVersion="4.0" xmlns="http://schemas.microsoft.com/developer/msbuild/2003">
  <ItemGroup>
    <ClCompile Include="main.cpp" />
    <ClCompile Include="stdafx.cpp" />
    <ClCompile Include="editor\Editor.cpp">
      <Filter>editor</Filter>
    </ClCompile>
    <ClCompile Include="editor\EditorActions.cpp">
      <Filter>editor</Filter>
    </ClCompile>
    <ClCompile Include="editor\EditorApp.cpp">
      <Filter>editor</Filter>
    </ClCompile>
    <ClCompile Include="editor\EditorUI.cpp">
      <Filter>editor</Filter>
    </ClCompile>
    <ClCompile Include="tile\TileAtlas.cpp">
      <Filter>tile</Filter>
    </ClCompile>
    <ClCompile Include="tile\TileMap.cpp">
      <Filter>tile</Filter>
    </ClCompile>
    <ClCompile Include="tile\TileMeshGen.cpp">
      <Filter>tile</Filter>
    </ClCompile>
    <ClCompile Include="tile\TilePicking.cpp">
      <Filter>tile</Filter>
    </ClCompile>
    <ClCompile Include="physics\PhysicsSystem.cpp">
      <Filter>physics</Filter>
    </ClCompile>
    <ClCompile Include="physics\PlayerController.cpp">
      <Filter>physics</Filter>
    </ClCompile>
  </ItemGroup>
  <ItemGroup>
    <ClInclude Include="stdafx.h" />
    <ClInclude Include="editor\Editor.h">
      <Filter>editor</Filter>
    </ClInclude>
    <ClInclude Include="tile\TileAtlas.h">
      <Filter>tile</Filter>
    </ClInclude>
    <ClInclude Include="tile\TileMap.h">
      <Filter>tile</Filter>
    </ClInclude>
    <ClInclude Include="tile\TileMeshGen.h">
      <Filter>tile</Filter>
    </ClInclude>
    <ClInclude Include="tile\TilePicking.h">
      <Filter>tile</Filter>
    </ClInclude>
    <ClInclude Include="tile\TileTypes.h">
      <Filter>tile</Filter>
    </ClInclude>
    <ClInclude Include="physics\PhysicsSystem.h">
      <Filter>physics</Filter>
    </ClInclude>
    <ClInclude Include="physics\PlayerController.h">
      <Filter>physics</Filter>
    </ClInclude>
  </ItemGroup>
  <ItemGroup>
    <Filter Include="editor">
      <UniqueIdentifier>{4e21f915-3420-400c-91ae-c6e0fae0498d}</UniqueIdentifier>
    </Filter>
    <Filter Include="tile">
      <UniqueIdentifier>{dc149dec-df39-41e3-bea5-daaf9a7299f9}</UniqueIdentifier>
    </Filter>
    <Filter Include="physics">
      <UniqueIdentifier>{e4a7b3c2-5f19-4d81-9b6c-3a1d8e7f4c2b}</UniqueIdentifier>
    </Filter>
  </ItemGroup>
</Project>