<?xml version="1.0" encoding="utf-8"?>
<Project ToolsVersion="4.0" xmlns="http://schemas.microsoft.com/developer/msbuild/2003">
  <ItemGroup>
    <ClInclude Include="stdafx.h" />
    <ClInclude Include="math_core.h">
      <Filter>math</Filter>
    </ClInclude>
    <ClInclude Include="core_file.h">
      <Filter>core</Filter>
    </ClInclude>
    <ClInclude Include="core_log.h">
      <Filter>core</Filter>
    </ClInclude>
    <ClInclude Include="app.h">
      <Filter>app</Filter>
    </ClInclude>
    <ClInclude Include="app_window.h">
      <Filter>app</Filter>
    </ClInclude>
    <ClInclude Include="app_input.h">
      <Filter>app</Filter>
    </ClInclude>
    <ClInclude Include="app_keys.h">
      <Filter>app</Filter>
    </ClInclude>
    <ClInclude Include="gpu_core.h">
      <Filter>gpu</Filter>
    </ClInclude>
    <ClInclude Include="gpu_system.h">
      <Filter>gpu</Filter>
    </ClInclude>
    <ClInclude Include="_app_window.h">
      <Filter>app\private</Filter>
    </ClInclude>
    <ClInclude Include="_app_input.h">
      <Filter>app\private</Filter>
    </ClInclude>
    <ClInclude Include="math_point2.h">
      <Filter>math</Filter>
    </ClInclude>
    <ClInclude Include="app_messageHandler.h">
      <Filter>app</Filter>
    </ClInclude>
    <ClInclude Include="core_utils.h">
      <Filter>core</Filter>
    </ClInclude>
    <ClInclude Include="EngineConfig.h">
      <Filter>base</Filter>
    </ClInclude>
    <ClInclude Include="math_aabb.h">
      <Filter>math</Filter>
    </ClInclude>
    <ClInclude Include="gr_camera.h">
      <Filter>graphics</Filter>
    </ClInclude>
    <ClInclude Include="core_image.h">
      <Filter>core</Filter>
    </ClInclude>
    <ClInclude Include="gpu_program.h">
      <Filter>gpu</Filter>
    </ClInclude>
    <ClInclude Include="gpu_uniform.h">
      <Filter>gpu</Filter>
    </ClInclude>
    <ClInclude Include="_gpu_system.h">
      <Filter>gpu\private</Filter>
    </ClInclude>
    <ClInclude Include="_ogl_context.h">
      <Filter>gpu\private</Filter>
    </ClInclude>
    <ClInclude Include="gpu_vao.h">
      <Filter>gpu</Filter>
    </ClInclude>
    <ClInclude Include="gpu_buffer.h">
      <Filter>gpu</Filter>
    </ClInclude>
    <ClInclude Include="core_flags.h">
      <Filter>core</Filter>
    </ClInclude>
    <ClInclude Include="_gpu_contextState.h">
      <Filter>gpu\private</Filter>
    </ClInclude>
    <ClInclude Include="gpu_texture.h">
      <Filter>gpu</Filter>
    </ClInclude>
    <ClInclude Include="_gpu_enumDesc.h">
      <Filter>gpu\private</Filter>
    </ClInclude>
    <ClInclude Include="core_baseTypes.h">
      <Filter>core</Filter>
    </ClInclude>
    <ClInclude Include="gpu_cmd.h">
      <Filter>gpu</Filter>
    </ClInclude>
    <ClInclude Include="gpu_framebuffer.h">
      <Filter>gpu</Filter>
    </ClInclude>
    <ClInclude Include="gpu_copy.h">
      <Filter>gpu</Filter>
    </ClInclude>
    <ClInclude Include="gpu_pipeline.h">
      <Filter>gpu</Filter>
    </ClInclude>
    <ClInclude Include="gpu_deviceInfo.h">
      <Filter>gpu</Filter>
    </ClInclude>
    <ClInclude Include="gpu_timer.h">
      <Filter>gpu</Filter>
    </ClInclude>
    <ClInclude Include="gpu_fence.h">
      <Filter>gpu</Filter>
    </ClInclude>
    <ClInclude Include="GLTFLoader.h">
      <Filter>_temp</Filter>
    </ClInclude>
    <ClInclude Include="math_transform.h">
      <Filter>math</Filter>
    </ClInclude>
    <ClInclude Include="math_plane.h">
      <Filter>math</Filter>
    </ClInclude>
    <ClInclude Include="math_frustum.h">
      <Filter>math</Filter>
    </ClInclude>
    <ClInclude Include="gr_mesh.h">
      <Filter>graphics</Filter>
    </ClInclude>
  </ItemGroup>
  <ItemGroup>
    <ClCompile Include="stdafx.cpp" />
    <ClCompile Include="mathTest.cpp">
      <Filter>math</Filter>
    </ClCompile>
    <ClCompile Include="core_file.cpp">
      <Filter>core</Filter>
    </ClCompile>
    <ClCompile Include="core_log.cpp">
      <Filter>core</Filter>
    </ClCompile>
    <ClCompile Include="app.cpp">
      <Filter>app</Filter>
    </ClCompile>
    <ClCompile Include="app_window.cpp">
      <Filter>app</Filter>
    </ClCompile>
    <ClCompile Include="app_input.cpp">
      <Filter>app</Filter>
    </ClCompile>
    <ClCompile Include="gpu_core.cpp">
      <Filter>gpu</Filter>
    </ClCompile>
    <ClCompile Include="gpu_system.cpp">
      <Filter>gpu</Filter>
    </ClCompile>
    <ClCompile Include="core_utils.cpp">
      <Filter>core</Filter>
    </ClCompile>
    <ClCompile Include="_ogl_context.cpp">
      <Filter>gpu\private</Filter>
    </ClCompile>
    <ClCompile Include="gr_camera.cpp">
      <Filter>graphics</Filter>
    </ClCompile>
    <ClCompile Include="core_image.cpp">
      <Filter>core</Filter>
    </ClCompile>
    <ClCompile Include="gpu_program.cpp">
      <Filter>gpu</Filter>
    </ClCompile>
    <ClCompile Include="gpu_vao.cpp">
      <Filter>gpu</Filter>
    </ClCompile>
    <ClCompile Include="gpu_buffer.cpp">
      <Filter>gpu</Filter>
    </ClCompile>
    <ClCompile Include="_gpu_contextState.cpp">
      <Filter>gpu\private</Filter>
    </ClCompile>
    <ClCompile Include="gpu_texture.cpp">
      <Filter>gpu</Filter>
    </ClCompile>
    <ClCompile Include="gpu_cmd.cpp">
      <Filter>gpu</Filter>
    </ClCompile>
    <ClCompile Include="gpu_framebuffer.cpp">
      <Filter>gpu</Filter>
    </ClCompile>
    <ClCompile Include="gpu_copy.cpp">
      <Filter>gpu</Filter>
    </ClCompile>
    <ClCompile Include="gpu_pipeline.cpp">
      <Filter>gpu</Filter>
    </ClCompile>
    <ClCompile Include="gpu_timer.cpp">
      <Filter>gpu</Filter>
    </ClCompile>
    <ClCompile Include="gpu_fence.cpp">
      <Filter>gpu</Filter>
    </ClCompile>
    <ClCompile Include="GLTFLoader.cpp">
      <Filter>_temp</Filter>
    </ClCompile>
    <ClCompile Include="gr_mesh.cpp">
      <Filter>graphics</Filter>
    </ClCompile>
  </ItemGroup>
  <ItemGroup>
    <Filter Include="core">
      <UniqueIdentifier>{b72cc824-8925-472b-ad5c-53037620f26f}</UniqueIdentifier>
    </Filter>
    <Filter Include="math">
      <UniqueIdentifier>{d2b29c59-657c-4e52-b142-e2c5f3fab246}</UniqueIdentifier>
    </Filter>
    <Filter Include="app">
      <UniqueIdentifier>{35965023-146a-4593-b7c8-76a8108168eb}</UniqueIdentifier>
    </Filter>
    <Filter Include="utils">
      <UniqueIdentifier>{2b4510c6-2611-40a2-8537-4ee180bff68e}</UniqueIdentifier>
    </Filter>
    <Filter Include="gpu">
      <UniqueIdentifier>{ae399b3d-ac12-4d26-b341-99b05dc2b5f5}</UniqueIdentifier>
    </Filter>
    <Filter Include="gpu\private">
      <UniqueIdentifier>{98f5feb7-361f-432e-9f1f-815ae6604408}</UniqueIdentifier>
    </Filter>
    <Filter Include="app\private">
      <UniqueIdentifier>{f80efeee-f6f2-40ad-bc25-da603dfa9d26}</UniqueIdentifier>
    </Filter>
    <Filter Include="base">
      <UniqueIdentifier>{c22178a9-b8f5-43a6-b8ba-f60ac51212e3}</UniqueIdentifier>
    </Filter>
    <Filter Include="graphics">
      <UniqueIdentifier>{f3c56fec-9bb6-4ebf-93c1-7c971b23202b}</UniqueIdentifier>
    </Filter>
    <Filter Include="_temp">
      <UniqueIdentifier>{0a6f5b4a-8ac2-4f1f-bd03-5105f497c050}</UniqueIdentifier>
    </Filter>
    <Filter Include="scene">
      <UniqueIdentifier>{1db58990-d057-485d-86c4-c6d39a959a23}</UniqueIdentifier>
    </Filter>
  </ItemGroup>
</Project>